
Microsoft Visual Studio Solution File, Format Version 12.00
# Visual Studio Version 17
VisualStudioVersion = 17.1.32414.318
MinimumVisualStudioVersion = 10.0.40219.1
Project("{FAE04EC0-301F-11D3-BF4B-00C04F79EFBC}") = "StringLibrary", "StringLibrary\StringLibrary.csproj", "{9BEC716F-A21D-4697-83FF-17D90B945C40}"
EndProject
Project("{FAE04EC0-301F-11D3-BF4B-00C04F79EFBC}") = "ShowCase", "ShowCase\ShowCase.csproj", "{ED37E290-F48A-48DC-8755-58BF52DE4244}"
EndProject
Global
	GlobalSection(SolutionConfigurationPlatforms) = preSolution
		Debug|Any CPU = Debug|Any CPU
		Release|Any CPU = Release|Any CPU
	EndGlobalSection
	GlobalSection(ProjectConfigurationPlatforms) = postSolution
		{9BEC716F-A21D-4697-83FF-17D90B945C40}.Debug|Any CPU.ActiveCfg = Debug|Any CPU
		{9BEC716F-A21D-4697-83FF-17D90B945C40}.Debug|Any CPU.Build.0 = Debug|Any CPU
		{9BEC716F-A21D-4697-83FF-17D90B945C40}.Release|Any CPU.ActiveCfg = Release|Any CPU
		{9BEC716F-A21D-4697-83FF-17D90B945C40}.Release|Any CPU.Build.0 = Release|Any CPU
		{ED37E290-F48A-48DC-8755-58BF52DE4244}.Debug|Any CPU.ActiveCfg = Debug|Any CPU
		{ED37E290-F48A-48DC-8755-58BF52DE4244}.Debug|Any CPU.Build.0 = Debug|Any CPU
		{ED37E290-F48A-48DC-8755-58BF52DE4244}.Release|Any CPU.ActiveCfg = Release|Any CPU
		{ED37E290-F48A-48DC-8755-58BF52DE4244}.Release|Any CPU.Build.0 = Release|Any CPU
	EndGlobalSection
	GlobalSection(SolutionProperties) = preSolution
		HideSolutionNode = FALSE
	EndGlobalSection
	GlobalSection(ExtensibilityGlobals) = postSolution
		SolutionGuid = {61C39BD6-E052-4353-B26B-DDD142F59FD7}
	EndGlobalSection
EndGlobal
